{
  "name": "esp32s3-simulator-debug-e2e",
  "version": "1.0.0",
  "lockfileVersion": 3,
  "requires": true,
  "packages": {
    "": {
      "name": "esp32s3-simulator-debug-e2e",
      "version": "1.0.0",
      "dependencies": {
        "@aily-project/board-xiao_esp32s3": "3.3.1",
        "@aily-project/lib-core-io": "1.0.0",
        "@aily-project/lib-core-logic": "0.0.1",
        "@aily-project/lib-core-loop": "0.0.1",
        "@aily-project/lib-core-math": "0.0.1",
        "@aily-project/lib-core-serial": "0.0.1",
        "@aily-project/lib-core-text": "1.0.0",
        "@aily-project/lib-core-time": "0.0.1",
        "@aily-project/lib-core-variables": "1.0.1"
      }
    },
    "node_modules/@aily-project/board-xiao_esp32s3": {
      "version": "3.3.1",
      "resolved": "https://registry.yiyu.pro/@aily-project/board-xiao_esp32s3/-/board-xiao_esp32s3-3.3.1.tgz",
      "integrity": "sha512-epfml/xgkrWuGYXIx36xmRZD74a9a0PV+cMzjWzcbDjLjMV3qYF6h4j2pbF9u9O3lmC22wgManttseZDD8Vy4Q==",
      "license": "ISC"
    },
    "node_modules/@aily-project/lib-core-io": {
      "version": "1.0.0",
      "resolved": "https://registry.yiyu.pro/@aily-project/lib-core-io/-/lib-core-io-1.0.0.tgz",
      "integrity": "sha512-uauv5BcM0fRZWGf3/GQSnNkDvBK4MMvDy/Vm8fKTKG0inaCZ+Xql/7Mpc95quXGR8ppspNb9XVY+KFPy7U+clw=="
    },
    "node_modules/@aily-project/lib-core-logic": {
      "version": "0.0.1",
      "resolved": "https://registry.yiyu.pro/@aily-project/lib-core-logic/-/lib-core-logic-0.0.1.tgz",
      "integrity": "sha512-1ES1Qa0SC5oVxbSRgYoydw7qkxKeaZH/fmpBWth7MEdVCw9CFq4AaYWQp/ZMgvnOD269bmf3Ujv2GfWzeeHYnA=="
    },
    "node_modules/@aily-project/lib-core-loop": {
      "version": "0.0.1",
      "resolved": "https://registry.yiyu.pro/@aily-project/lib-core-loop/-/lib-core-loop-0.0.1.tgz",
      "integrity": "sha512-VngUUmha1KRBa99W6Ff0FuvJokHxlKn2MHPpAH0XDp3wxH7luV0PHTW3KPKk9b+Ibhi6UeUgV9BBEIHcJCcvgQ=="
    },
    "node_modules/@aily-project/lib-core-math": {
      "version": "0.0.1",
      "resolved": "https://registry.yiyu.pro/@aily-project/lib-core-math/-/lib-core-math-0.0.1.tgz",
      "integrity": "sha512-QB2ykmUiUaIH3ZTzCzkFfFUkEtzIixGVHXKztutY3v4wWD0xBkInFggt9dYiUnto0ZqGLyJ+WSpnkdcNZQ3ZyA=="
    },
    "node_modules/@aily-project/lib-core-serial": {
      "version": "0.0.1",
      "resolved": "https://registry.yiyu.pro/@aily-project/lib-core-serial/-/lib-core-serial-0.0.1.tgz",
      "integrity": "sha512-U5dm91LDwZEr131/JeevpdnJeRMm9HnQbS9VCkj7H1TG+oGR8W/KWuUa+bJddwM6r5Y3QzK0Vocq+GgCXorPoQ=="
    },
    "node_modules/@aily-project/lib-core-text": {
      "version": "1.0.0",
      "resolved": "https://registry.yiyu.pro/@aily-project/lib-core-text/-/lib-core-text-1.0.0.tgz",
      "integrity": "sha512-u/1+4eF/kgbyOXToap7J5/j4RM5E8izmaPPkxDt8lumObWVw5qjECXO4qOSMNK9OqaOmFV3JgtRli1m8YC5GRQ=="
    },
    "node_modules/@aily-project/lib-core-time": {
      "version": "0.0.1",
      "resolved": "https://registry.yiyu.pro/@aily-project/lib-core-time/-/lib-core-time-0.0.1.tgz",
      "integrity": "sha512-D+H3rLPPsgEDZ0ItgOX9Abm+mRFseSUSHYNNIBdN7U+4kpoCWBBWMfL1aKisfMtzILhPwgKXkU8zJRNhlNFk3A==",
      "dependencies": {
        "@aily-project/lib-core-math": "0.0.1"
      }
    },
    "node_modules/@aily-project/lib-core-variables": {
      "version": "1.0.1",
      "resolved": "https://registry.yiyu.pro/@aily-project/lib-core-variables/-/lib-core-variables-1.0.1.tgz",
      "integrity": "sha512-YNjcSPf52vyTZj8R/Wmtd5qU0drdpkHbbbmYEQ/gD1yf6bEzOl+Y/EHz42mkpXal7dVc1dJvFWjlzvbxMgKp6A=="
    }
  }
}
